# This is a Gradle generated file for dependency locking.
# Manual edits can break the build and are not advised.
# This file is expected to be part of source control.
com.github.topjohnwu.libsu:core:6.0.0=debugAndroidTestCompileClasspath,debugCompileClasspath,debugRuntimeClasspath,debugUnitTestCompileClasspath,debugUnitTestRuntimeClasspath,prototypeCompileClasspath,prototypeRuntimeClasspath,prototypeUnitTestCompileClasspath,prototypeUnitTestRuntimeClasspath,releaseCompileClasspath,releaseRuntimeClasspath,releaseUnitTestCompileClasspath,releaseUnitTestRuntimeClasspath,validationCompileClasspath,validationRuntimeClasspath,validationUnitTestCompileClasspath,validationUnitTestRuntimeClasspath
com.github.topjohnwu.libsu:service:6.0.0=debugAndroidTestCompileClasspath,debugCompileClasspath,debugRuntimeClasspath,debugUnitTestCompileClasspath,debugUnitTestRuntimeClasspath,prototypeCompileClasspath,prototypeRuntimeClasspath,prototypeUnitTestCompileClasspath,prototypeUnitTestRuntimeClasspath,releaseCompileClasspath,releaseRuntimeClasspath,releaseUnitTestCompileClasspath,releaseUnitTestRuntimeClasspath,validationCompileClasspath,validationRuntimeClasspath,validationUnitTestCompileClasspath,validationUnitTestRuntimeClasspath
empty=debugAndroidTestRuntimeClasspath
